
Microsoft Visual Studio Solution File, Format Version 12.00
# Visual Studio 15
VisualStudioVersion = 15.0.28010.2003
MinimumVisualStudioVersion = 10.0.40219.1
Project("{FAE04EC0-301F-11D3-BF4B-00C04F79EFBC}") = "MeuEcommerce", "MeuEcommerce\MeuEcommerce.csproj", "{99E473BA-78CB-4FA3-8CA8-24CC37D197AE}"
EndProject
Global
	GlobalSection(SolutionConfigurationPlatforms) = preSolution
		Debug|Any CPU = Debug|Any CPU
		Release|Any CPU = Release|Any CPU
	EndGlobalSection
	GlobalSection(ProjectConfigurationPlatforms) = postSolution
		{99E473BA-78CB-4FA3-8CA8-24CC37D197AE}.Debug|Any CPU.ActiveCfg = Debug|Any CPU
		{99E473BA-78CB-4FA3-8CA8-24CC37D197AE}.Debug|Any CPU.Build.0 = Debug|Any CPU
		{99E473BA-78CB-4FA3-8CA8-24CC37D197AE}.Release|Any CPU.ActiveCfg = Release|Any CPU
		{99E473BA-78CB-4FA3-8CA8-24CC37D197AE}.Release|Any CPU.Build.0 = Release|Any CPU
	EndGlobalSection
	GlobalSection(SolutionProperties) = preSolution
		HideSolutionNode = FALSE
	EndGlobalSection
	GlobalSection(ExtensibilityGlobals) = postSolution
		SolutionGuid = {CDC19E9F-A875-4890-B6B4-EE45BF66F2E6}
	EndGlobalSection
EndGlobal
